
Microsoft Visual Studio Solution File, Format Version 12.00
# Visual Studio Version 16
VisualStudioVersion = 16.0.31515.178
MinimumVisualStudioVersion = 10.0.40219.1
<<<<<<< HEAD
Project("{9A19103F-16F7-4668-BE54-9A1E7A4F7556}") = "Unity_Program", "Unity_Program\Unity_Program.csproj", "{1D8C2F1B-A076-4AE9-A0D8-FFC7AFD1C482}"
=======
<<<<<<< HEAD
Project("{9A19103F-16F7-4668-BE54-9A1E7A4F7556}") = "Unity_Program", "Unity_Program\Unity_Program.csproj", "{1D8C2F1B-A076-4AE9-A0D8-FFC7AFD1C482}"
EndProject
Project("{9A19103F-16F7-4668-BE54-9A1E7A4F7556}") = "Unity_CShap_Value", "Unity_CShap_Value\Unity_CShap_Value.csproj", "{203502B7-B031-4945-A09E-8D2EA7A50299}"
EndProject
Project("{9A19103F-16F7-4668-BE54-9A1E7A4F7556}") = "Unity_CSharp_IF", "Unity_CSharp_IF\Unity_CSharp_IF.csproj", "{BDB4704E-E75D-4B1B-BB36-4320400BE911}"
EndProject
Project("{9A19103F-16F7-4668-BE54-9A1E7A4F7556}") = "Unity_CSharp_Function", "Unity_CSharp_Function\Unity_CSharp_Function.csproj", "{361954FA-AB77-4374-9877-55A027957A61}"
EndProject
Project("{FAE04EC0-301F-11D3-BF4B-00C04F79EFBC}") = "Unity_CSharp_function_and_value", "Unity_CSharp_function_and_value\Unity_CSharp_function_and_value.csproj", "{6C10D7E9-3137-46D7-AE6F-42501DB4C5D1}"
EndProject
Project("{FAE04EC0-301F-11D3-BF4B-00C04F79EFBC}") = "Unity_CSharp_Object", "Unity_CSharp_Object\Unity_CSharp_Object.csproj", "{9ED1CBE8-19F0-4998-AE1B-EFA7F969D8C6}"
EndProject
Project("{FAE04EC0-301F-11D3-BF4B-00C04F79EFBC}") = "Unity_Instantiation_Of_Class", "Unity_Instantiation_Of_Class\Unity_Instantiation_Of_Class.csproj", "{7A9C1DCA-24BB-4504-BE86-7B0F3BCA4A17}"
=======
Project("{FAE04EC0-301F-11D3-BF4B-00C04F79EFBC}") = "Unity_Program", "Unity_Program\Unity_Program.csproj", "{1D8C2F1B-A076-4AE9-A0D8-FFC7AFD1C482}"
>>>>>>> d18ad8ce43f304316025f706edf1fb677431ef01
EndProject
Project("{9A19103F-16F7-4668-BE54-9A1E7A4F7556}") = "Unity_CShap_Value", "Unity_CShap_Value\Unity_CShap_Value.csproj", "{203502B7-B031-4945-A09E-8D2EA7A50299}"
EndProject
Project("{9A19103F-16F7-4668-BE54-9A1E7A4F7556}") = "Unity_CSharp_IF", "Unity_CSharp_IF\Unity_CSharp_IF.csproj", "{BDB4704E-E75D-4B1B-BB36-4320400BE911}"
EndProject
<<<<<<< HEAD
Project("{9A19103F-16F7-4668-BE54-9A1E7A4F7556}") = "Unity_CSharp_Function", "Unity_CSharp_Function\Unity_CSharp_Function.csproj", "{361954FA-AB77-4374-9877-55A027957A61}"
EndProject
Project("{FAE04EC0-301F-11D3-BF4B-00C04F79EFBC}") = "Unity_Function_overload", "Unity_Function_overload\Unity_Function_overload.csproj", "{DCA56502-A41A-4B75-B962-A45BFBEF2265}"
EndProject
Project("{FAE04EC0-301F-11D3-BF4B-00C04F79EFBC}") = "Unity_CSharp_Array", "Unity_CSharp_Array\Unity_CSharp_Array.csproj", "{B03550DE-2416-482C-B191-FFC0776B11AD}"
EndProject
Project("{FAE04EC0-301F-11D3-BF4B-00C04F79EFBC}") = "Unuty_CSharp_While", "Unuty_CSharp_While\Unuty_CSharp_While.csproj", "{D472430D-9FCC-4B31-AF12-C6BD825ED5EA}"
=======
Project("{FAE04EC0-301F-11D3-BF4B-00C04F79EFBC}") = "Unity_CSharp_Function", "Unity_CSharp_Function\Unity_CSharp_Function.csproj", "{361954FA-AB77-4374-9877-55A027957A61}"
>>>>>>> ed52ae42e5fe9d8e4cc25c5a2a27c44a5c737227
>>>>>>> d18ad8ce43f304316025f706edf1fb677431ef01
EndProject
Global
	GlobalSection(SolutionConfigurationPlatforms) = preSolution
		Debug|Any CPU = Debug|Any CPU
		Release|Any CPU = Release|Any CPU
	EndGlobalSection
	GlobalSection(ProjectConfigurationPlatforms) = postSolution
		{1D8C2F1B-A076-4AE9-A0D8-FFC7AFD1C482}.Debug|Any CPU.ActiveCfg = Debug|Any CPU
		{1D8C2F1B-A076-4AE9-A0D8-FFC7AFD1C482}.Debug|Any CPU.Build.0 = Debug|Any CPU
		{1D8C2F1B-A076-4AE9-A0D8-FFC7AFD1C482}.Release|Any CPU.ActiveCfg = Release|Any CPU
		{1D8C2F1B-A076-4AE9-A0D8-FFC7AFD1C482}.Release|Any CPU.Build.0 = Release|Any CPU
		{203502B7-B031-4945-A09E-8D2EA7A50299}.Debug|Any CPU.ActiveCfg = Debug|Any CPU
		{203502B7-B031-4945-A09E-8D2EA7A50299}.Debug|Any CPU.Build.0 = Debug|Any CPU
		{203502B7-B031-4945-A09E-8D2EA7A50299}.Release|Any CPU.ActiveCfg = Release|Any CPU
		{203502B7-B031-4945-A09E-8D2EA7A50299}.Release|Any CPU.Build.0 = Release|Any CPU
		{BDB4704E-E75D-4B1B-BB36-4320400BE911}.Debug|Any CPU.ActiveCfg = Debug|Any CPU
		{BDB4704E-E75D-4B1B-BB36-4320400BE911}.Debug|Any CPU.Build.0 = Debug|Any CPU
		{BDB4704E-E75D-4B1B-BB36-4320400BE911}.Release|Any CPU.ActiveCfg = Release|Any CPU
		{BDB4704E-E75D-4B1B-BB36-4320400BE911}.Release|Any CPU.Build.0 = Release|Any CPU
		{361954FA-AB77-4374-9877-55A027957A61}.Debug|Any CPU.ActiveCfg = Debug|Any CPU
		{361954FA-AB77-4374-9877-55A027957A61}.Debug|Any CPU.Build.0 = Debug|Any CPU
		{361954FA-AB77-4374-9877-55A027957A61}.Release|Any CPU.ActiveCfg = Release|Any CPU
		{361954FA-AB77-4374-9877-55A027957A61}.Release|Any CPU.Build.0 = Release|Any CPU
<<<<<<< HEAD
		{DCA56502-A41A-4B75-B962-A45BFBEF2265}.Debug|Any CPU.ActiveCfg = Debug|Any CPU
		{DCA56502-A41A-4B75-B962-A45BFBEF2265}.Debug|Any CPU.Build.0 = Debug|Any CPU
		{DCA56502-A41A-4B75-B962-A45BFBEF2265}.Release|Any CPU.ActiveCfg = Release|Any CPU
		{DCA56502-A41A-4B75-B962-A45BFBEF2265}.Release|Any CPU.Build.0 = Release|Any CPU
		{B03550DE-2416-482C-B191-FFC0776B11AD}.Debug|Any CPU.ActiveCfg = Debug|Any CPU
		{B03550DE-2416-482C-B191-FFC0776B11AD}.Debug|Any CPU.Build.0 = Debug|Any CPU
		{B03550DE-2416-482C-B191-FFC0776B11AD}.Release|Any CPU.ActiveCfg = Release|Any CPU
		{B03550DE-2416-482C-B191-FFC0776B11AD}.Release|Any CPU.Build.0 = Release|Any CPU
		{D472430D-9FCC-4B31-AF12-C6BD825ED5EA}.Debug|Any CPU.ActiveCfg = Debug|Any CPU
		{D472430D-9FCC-4B31-AF12-C6BD825ED5EA}.Debug|Any CPU.Build.0 = Debug|Any CPU
		{D472430D-9FCC-4B31-AF12-C6BD825ED5EA}.Release|Any CPU.ActiveCfg = Release|Any CPU
		{D472430D-9FCC-4B31-AF12-C6BD825ED5EA}.Release|Any CPU.Build.0 = Release|Any CPU
=======
<<<<<<< HEAD
		{6C10D7E9-3137-46D7-AE6F-42501DB4C5D1}.Debug|Any CPU.ActiveCfg = Debug|Any CPU
		{6C10D7E9-3137-46D7-AE6F-42501DB4C5D1}.Debug|Any CPU.Build.0 = Debug|Any CPU
		{6C10D7E9-3137-46D7-AE6F-42501DB4C5D1}.Release|Any CPU.ActiveCfg = Release|Any CPU
		{6C10D7E9-3137-46D7-AE6F-42501DB4C5D1}.Release|Any CPU.Build.0 = Release|Any CPU
		{9ED1CBE8-19F0-4998-AE1B-EFA7F969D8C6}.Debug|Any CPU.ActiveCfg = Debug|Any CPU
		{9ED1CBE8-19F0-4998-AE1B-EFA7F969D8C6}.Debug|Any CPU.Build.0 = Debug|Any CPU
		{9ED1CBE8-19F0-4998-AE1B-EFA7F969D8C6}.Release|Any CPU.ActiveCfg = Release|Any CPU
		{9ED1CBE8-19F0-4998-AE1B-EFA7F969D8C6}.Release|Any CPU.Build.0 = Release|Any CPU
		{7A9C1DCA-24BB-4504-BE86-7B0F3BCA4A17}.Debug|Any CPU.ActiveCfg = Debug|Any CPU
		{7A9C1DCA-24BB-4504-BE86-7B0F3BCA4A17}.Debug|Any CPU.Build.0 = Debug|Any CPU
		{7A9C1DCA-24BB-4504-BE86-7B0F3BCA4A17}.Release|Any CPU.ActiveCfg = Release|Any CPU
		{7A9C1DCA-24BB-4504-BE86-7B0F3BCA4A17}.Release|Any CPU.Build.0 = Release|Any CPU
=======
>>>>>>> ed52ae42e5fe9d8e4cc25c5a2a27c44a5c737227
>>>>>>> d18ad8ce43f304316025f706edf1fb677431ef01
	EndGlobalSection
	GlobalSection(SolutionProperties) = preSolution
		HideSolutionNode = FALSE
	EndGlobalSection
	GlobalSection(ExtensibilityGlobals) = postSolution
		SolutionGuid = {D8DBFB82-B35C-476C-BE73-AF11556B615A}
	EndGlobalSection
EndGlobal
